
Microsoft Visual Studio Solution File, Format Version 12.00
# Visual Studio Version 17
VisualStudioVersion = 17.6.33815.320
MinimumVisualStudioVersion = 10.0.40219.1
Project("{8BC9CEB8-8B4A-11D0-8D11-00A0C91BC942}") = "AguaParaTodoss", "AguaParaTodoss\AguaParaTodoss.vcxproj", "{85557117-462D-4FD2-A87D-E738C43A4D3A}"
EndProject
Global
	GlobalSection(SolutionConfigurationPlatforms) = preSolution
		Debug|x64 = Debug|x64
		Debug|x86 = Debug|x86
		Release|x64 = Release|x64
		Release|x86 = Release|x86
	EndGlobalSection
	GlobalSection(ProjectConfigurationPlatforms) = postSolution
		{85557117-462D-4FD2-A87D-E738C43A4D3A}.Debug|x64.ActiveCfg = Debug|x64
		{85557117-462D-4FD2-A87D-E738C43A4D3A}.Debug|x64.Build.0 = Debug|x64
		{85557117-462D-4FD2-A87D-E738C43A4D3A}.Debug|x86.ActiveCfg = Debug|Win32
		{85557117-462D-4FD2-A87D-E738C43A4D3A}.Debug|x86.Build.0 = Debug|Win32
		{85557117-462D-4FD2-A87D-E738C43A4D3A}.Release|x64.ActiveCfg = Release|x64
		{85557117-462D-4FD2-A87D-E738C43A4D3A}.Release|x64.Build.0 = Release|x64
		{85557117-462D-4FD2-A87D-E738C43A4D3A}.Release|x86.ActiveCfg = Release|Win32
		{85557117-462D-4FD2-A87D-E738C43A4D3A}.Release|x86.Build.0 = Release|Win32
	EndGlobalSection
	GlobalSection(SolutionProperties) = preSolution
		HideSolutionNode = FALSE
	EndGlobalSection
	GlobalSection(ExtensibilityGlobals) = postSolution
		SolutionGuid = {44DAB1EC-8600-4425-B78F-FCE2355FB3EA}
	EndGlobalSection
EndGlobal
